
Microsoft Visual Studio Solution File, Format Version 12.00
# Visual Studio Version 17
VisualStudioVersion = 17.7.34018.315
MinimumVisualStudioVersion = 10.0.40219.1
Project("{FAE04EC0-301F-11D3-BF4B-00C04F79EFBC}") = "Health System", "Health System\Health System.csproj", "{5176D15B-18DA-42BF-909C-4FED06672DE9}"
EndProject
Global
	GlobalSection(SolutionConfigurationPlatforms) = preSolution
		Debug|Any CPU = Debug|Any CPU
		Release|Any CPU = Release|Any CPU
	EndGlobalSection
	GlobalSection(ProjectConfigurationPlatforms) = postSolution
		{5176D15B-18DA-42BF-909C-4FED06672DE9}.Debug|Any CPU.ActiveCfg = Debug|Any CPU
		{5176D15B-18DA-42BF-909C-4FED06672DE9}.Debug|Any CPU.Build.0 = Debug|Any CPU
		{5176D15B-18DA-42BF-909C-4FED06672DE9}.Release|Any CPU.ActiveCfg = Release|Any CPU
		{5176D15B-18DA-42BF-909C-4FED06672DE9}.Release|Any CPU.Build.0 = Release|Any CPU
	EndGlobalSection
	GlobalSection(SolutionProperties) = preSolution
		HideSolutionNode = FALSE
	EndGlobalSection
	GlobalSection(ExtensibilityGlobals) = postSolution
		SolutionGuid = {A356FB71-3644-4CB0-9777-017A681A047E}
	EndGlobalSection
EndGlobal
